
Microsoft Visual Studio Solution File, Format Version 12.00
# Visual Studio 15
VisualStudioVersion = 15.0.28307.421
MinimumVisualStudioVersion = 10.0.40219.1
Project("{888888A0-9F3D-457C-B088-3A5042F75D52}") = "SaliencyMaps", "SaliencyMaps.pyproj", "{5DF978C7-1F40-42E6-94B0-166C42B35FCE}"
EndProject
Global
	GlobalSection(SolutionConfigurationPlatforms) = preSolution
		Debug|Any CPU = Debug|Any CPU
		Release|Any CPU = Release|Any CPU
	EndGlobalSection
	GlobalSection(ProjectConfigurationPlatforms) = postSolution
		{5DF978C7-1F40-42E6-94B0-166C42B35FCE}.Debug|Any CPU.ActiveCfg = Debug|Any CPU
		{5DF978C7-1F40-42E6-94B0-166C42B35FCE}.Release|Any CPU.ActiveCfg = Release|Any CPU
	EndGlobalSection
	GlobalSection(SolutionProperties) = preSolution
		HideSolutionNode = FALSE
	EndGlobalSection
	GlobalSection(ExtensibilityGlobals) = postSolution
		SolutionGuid = {6C6C5DB5-46E6-4FC3-A3A5-8AA77DD2D255}
	EndGlobalSection
EndGlobal
